
Microsoft Visual Studio Solution File, Format Version 12.00
# Visual Studio Version 16
VisualStudioVersion = 16.0.30907.101
MinimumVisualStudioVersion = 10.0.40219.1
Project("{9A19103F-16F7-4668-BE54-9A1E7A4F7556}") = "PetarSkinet", "PetarSkinet.csproj", "{FC5A3E3A-72A2-4C68-AA16-BD3E70A05BCE}"
EndProject
Global
	GlobalSection(SolutionConfigurationPlatforms) = preSolution
		Debug|Any CPU = Debug|Any CPU
		Release|Any CPU = Release|Any CPU
	EndGlobalSection
	GlobalSection(ProjectConfigurationPlatforms) = postSolution
		{FC5A3E3A-72A2-4C68-AA16-BD3E70A05BCE}.Debug|Any CPU.ActiveCfg = Debug|Any CPU
		{FC5A3E3A-72A2-4C68-AA16-BD3E70A05BCE}.Debug|Any CPU.Build.0 = Debug|Any CPU
		{FC5A3E3A-72A2-4C68-AA16-BD3E70A05BCE}.Release|Any CPU.ActiveCfg = Release|Any CPU
		{FC5A3E3A-72A2-4C68-AA16-BD3E70A05BCE}.Release|Any CPU.Build.0 = Release|Any CPU
	EndGlobalSection
	GlobalSection(SolutionProperties) = preSolution
		HideSolutionNode = FALSE
	EndGlobalSection
	GlobalSection(ExtensibilityGlobals) = postSolution
		SolutionGuid = {C218AACA-B37C-433E-B7FD-5A6EBE7A1C09}
	EndGlobalSection
EndGlobal
